
Microsoft Visual Studio Solution File, Format Version 12.00
# Visual Studio 2013
VisualStudioVersion = 12.0.21005.1
MinimumVisualStudioVersion = 10.0.40219.1
Project("{FAE04EC0-301F-11D3-BF4B-00C04F79EFBC}") = "Project.Service", "Project.Service\Project.Service.csproj", "{A6EF72FD-820B-4B7E-ACB9-3479986D3CA7}"
EndProject
Project("{FAE04EC0-301F-11D3-BF4B-00C04F79EFBC}") = "Project.MVC", "Project.MVC\Project.MVC.csproj", "{8CB58A86-32AE-42F7-9D15-5EE4C4FC195A}"
EndProject
Global
	GlobalSection(SolutionConfigurationPlatforms) = preSolution
		Debug|Any CPU = Debug|Any CPU
		Release|Any CPU = Release|Any CPU
	EndGlobalSection
	GlobalSection(ProjectConfigurationPlatforms) = postSolution
		{A6EF72FD-820B-4B7E-ACB9-3479986D3CA7}.Debug|Any CPU.ActiveCfg = Debug|Any CPU
		{A6EF72FD-820B-4B7E-ACB9-3479986D3CA7}.Debug|Any CPU.Build.0 = Debug|Any CPU
		{A6EF72FD-820B-4B7E-ACB9-3479986D3CA7}.Release|Any CPU.ActiveCfg = Release|Any CPU
		{A6EF72FD-820B-4B7E-ACB9-3479986D3CA7}.Release|Any CPU.Build.0 = Release|Any CPU
		{8CB58A86-32AE-42F7-9D15-5EE4C4FC195A}.Debug|Any CPU.ActiveCfg = Debug|Any CPU
		{8CB58A86-32AE-42F7-9D15-5EE4C4FC195A}.Debug|Any CPU.Build.0 = Debug|Any CPU
		{8CB58A86-32AE-42F7-9D15-5EE4C4FC195A}.Release|Any CPU.ActiveCfg = Release|Any CPU
		{8CB58A86-32AE-42F7-9D15-5EE4C4FC195A}.Release|Any CPU.Build.0 = Release|Any CPU
	EndGlobalSection
	GlobalSection(SolutionProperties) = preSolution
		HideSolutionNode = FALSE
	EndGlobalSection
EndGlobal
